
Microsoft Visual Studio Solution File, Format Version 12.00
# Visual Studio 15
VisualStudioVersion = 15.0.27004.2008
MinimumVisualStudioVersion = 10.0.40219.1
Project("{FAE04EC0-301F-11D3-BF4B-00C04F79EFBC}") = "CodingDojo5_Hava", "CodingDojo5_Hava\CodingDojo5_Hava.csproj", "{64740A48-737F-47C0-A00A-4F9EF669325C}"
EndProject
Global
	GlobalSection(SolutionConfigurationPlatforms) = preSolution
		Debug|Any CPU = Debug|Any CPU
		Release|Any CPU = Release|Any CPU
	EndGlobalSection
	GlobalSection(ProjectConfigurationPlatforms) = postSolution
		{64740A48-737F-47C0-A00A-4F9EF669325C}.Debug|Any CPU.ActiveCfg = Debug|Any CPU
		{64740A48-737F-47C0-A00A-4F9EF669325C}.Debug|Any CPU.Build.0 = Debug|Any CPU
		{64740A48-737F-47C0-A00A-4F9EF669325C}.Release|Any CPU.ActiveCfg = Release|Any CPU
		{64740A48-737F-47C0-A00A-4F9EF669325C}.Release|Any CPU.Build.0 = Release|Any CPU
	EndGlobalSection
	GlobalSection(SolutionProperties) = preSolution
		HideSolutionNode = FALSE
	EndGlobalSection
	GlobalSection(ExtensibilityGlobals) = postSolution
		SolutionGuid = {15072E45-AD43-4D4A-AEAE-A3B11701F278}
	EndGlobalSection
EndGlobal
